
Microsoft Visual Studio Solution File, Format Version 12.00
# Visual Studio Version 17
VisualStudioVersion = 17.1.32319.34
MinimumVisualStudioVersion = 10.0.40219.1
Project("{8BC9CEB8-8B4A-11D0-8D11-00A0C91BC942}") = "DS_CircularQueueTut", "DS_CircularQueueTut\DS_CircularQueueTut.vcxproj", "{B9EB56B1-CC42-413D-B7C3-853C060A8486}"
EndProject
Global
	GlobalSection(SolutionConfigurationPlatforms) = preSolution
		Debug|x64 = Debug|x64
		Debug|x86 = Debug|x86
		Release|x64 = Release|x64
		Release|x86 = Release|x86
	EndGlobalSection
	GlobalSection(ProjectConfigurationPlatforms) = postSolution
		{B9EB56B1-CC42-413D-B7C3-853C060A8486}.Debug|x64.ActiveCfg = Debug|x64
		{B9EB56B1-CC42-413D-B7C3-853C060A8486}.Debug|x64.Build.0 = Debug|x64
		{B9EB56B1-CC42-413D-B7C3-853C060A8486}.Debug|x86.ActiveCfg = Debug|Win32
		{B9EB56B1-CC42-413D-B7C3-853C060A8486}.Debug|x86.Build.0 = Debug|Win32
		{B9EB56B1-CC42-413D-B7C3-853C060A8486}.Release|x64.ActiveCfg = Release|x64
		{B9EB56B1-CC42-413D-B7C3-853C060A8486}.Release|x64.Build.0 = Release|x64
		{B9EB56B1-CC42-413D-B7C3-853C060A8486}.Release|x86.ActiveCfg = Release|Win32
		{B9EB56B1-CC42-413D-B7C3-853C060A8486}.Release|x86.Build.0 = Release|Win32
	EndGlobalSection
	GlobalSection(SolutionProperties) = preSolution
		HideSolutionNode = FALSE
	EndGlobalSection
	GlobalSection(ExtensibilityGlobals) = postSolution
		SolutionGuid = {DA897F20-10F5-478A-B7C8-E7B3616204BF}
	EndGlobalSection
EndGlobal
